
Microsoft Visual Studio Solution File, Format Version 12.00
# Visual Studio 15
VisualStudioVersion = 15.0.28307.329
MinimumVisualStudioVersion = 10.0.40219.1
Project("{FAE04EC0-301F-11D3-BF4B-00C04F79EFBC}") = "SD210_BugTracker_DGrouette", "SD210_BugTracker_DGrouette\SD210_BugTracker_DGrouette.csproj", "{66434D19-46FC-4012-91DF-90E065C62EBF}"
EndProject
Global
	GlobalSection(SolutionConfigurationPlatforms) = preSolution
		Debug|Any CPU = Debug|Any CPU
		Release|Any CPU = Release|Any CPU
	EndGlobalSection
	GlobalSection(ProjectConfigurationPlatforms) = postSolution
		{66434D19-46FC-4012-91DF-90E065C62EBF}.Debug|Any CPU.ActiveCfg = Debug|Any CPU
		{66434D19-46FC-4012-91DF-90E065C62EBF}.Debug|Any CPU.Build.0 = Debug|Any CPU
		{66434D19-46FC-4012-91DF-90E065C62EBF}.Release|Any CPU.ActiveCfg = Release|Any CPU
		{66434D19-46FC-4012-91DF-90E065C62EBF}.Release|Any CPU.Build.0 = Release|Any CPU
	EndGlobalSection
	GlobalSection(SolutionProperties) = preSolution
		HideSolutionNode = FALSE
	EndGlobalSection
	GlobalSection(ExtensibilityGlobals) = postSolution
		SolutionGuid = {3C5E59E3-B148-4194-9599-990A8F445DA3}
	EndGlobalSection
EndGlobal
